# THIS IS AN AUTOGENERATED FILE. DO NOT EDIT THIS FILE DIRECTLY.
# yarn lockfile v1


ssr-window@^4.0.2:
  version "4.0.2"
  resolved "https://registry.yarnpkg.com/ssr-window/-/ssr-window-4.0.2.tgz#dc6b3ee37be86ac0e3ddc60030f7b3bc9b8553be"
  integrity sha512-ISv/Ch+ig7SOtw7G2+qkwfVASzazUnvlDTwypdLoPoySv+6MqlOV10VwPSE6EWkGjhW50lUmghPmpYZXMu/+AQ==

swiper@^9.2.4:
  version "9.2.4"
  resolved "https://registry.yarnpkg.com/swiper/-/swiper-9.2.4.tgz#2fa3cf58cef586366f674a10fa56fe6eec2026fe"
  integrity sha512-L7y3K/iiMXNYQ94FbfcJn7jex4QPnS4+voXGupTdC+UHW4XrR40QDdm4c9hXJ+Br0Il7PP0vP1W3goM9/Ly6Sg==
  dependencies:
    ssr-window "^4.0.2"
